// !$*UTF8*$!
{
	archiveVersion = 1;
	classes = {
	};
	objectVersion = 46;
	objects = {

/* Begin PBXBuildFile section */
		AA0CBAE91D50D7F3001B8BF8 /* AppDelegate.swift in Sources */ = {isa = PBXBuildFile; fileRef = AA0CBAE81D50D7F3001B8BF8 /* AppDelegate.swift */; };
		AA0CBAF01D50D7F3001B8BF8 /* Assets.xcassets in Resources */ = {isa = PBXBuildFile; fileRef = AA0CBAEF1D50D7F3001B8BF8 /* Assets.xcassets */; };
		AA0CBAF31D50D7F3001B8BF8 /* LaunchScreen.storyboard in Resources */ = {isa = PBXBuildFile; fileRef = AA0CBAF11D50D7F3001B8BF8 /* LaunchScreen.storyboard */; };
		AA0CBB051D50DD52001B8BF8 /* YHTabBarController.swift in Sources */ = {isa = PBXBuildFile; fileRef = AA0CBB041D50DD52001B8BF8 /* YHTabBarController.swift */; };
		AA0CBB071D50DD6A001B8BF8 /* YHNavController.swift in Sources */ = {isa = PBXBuildFile; fileRef = AA0CBB061D50DD6A001B8BF8 /* YHNavController.swift */; };
		AA0CBB091D50DDA0001B8BF8 /* YHBaseController.swift in Sources */ = {isa = PBXBuildFile; fileRef = AA0CBB081D50DDA0001B8BF8 /* YHBaseController.swift */; };
		AA0CBB0B1D50DDD4001B8BF8 /* YHHomeViewController.swift in Sources */ = {isa = PBXBuildFile; fileRef = AA0CBB0A1D50DDD4001B8BF8 /* YHHomeViewController.swift */; };
		AA0CBB0D1D50DF37001B8BF8 /* YHMessageViewController.swift in Sources */ = {isa = PBXBuildFile; fileRef = AA0CBB0C1D50DF37001B8BF8 /* YHMessageViewController.swift */; };
		AA0CBB0F1D50DF43001B8BF8 /* YHDiscoverViewController.swift in Sources */ = {isa = PBXBuildFile; fileRef = AA0CBB0E1D50DF43001B8BF8 /* YHDiscoverViewController.swift */; };
		AA0CBB111D50DF4C001B8BF8 /* YHProfileViewController.swift in Sources */ = {isa = PBXBuildFile; fileRef = AA0CBB101D50DF4C001B8BF8 /* YHProfileViewController.swift */; };
		AA0CBB501D50F703001B8BF8 /* NSArray+log.m in Sources */ = {isa = PBXBuildFile; fileRef = AA0CBB3C1D50F703001B8BF8 /* NSArray+log.m */; };
		AA0CBB521D50F703001B8BF8 /* NSObject+Runtime.m in Sources */ = {isa = PBXBuildFile; fileRef = AA0CBB401D50F703001B8BF8 /* NSObject+Runtime.m */; };
		AA0CBB531D50F703001B8BF8 /* NSString+Base64.m in Sources */ = {isa = PBXBuildFile; fileRef = AA0CBB421D50F703001B8BF8 /* NSString+Base64.m */; };
		AA0CBB541D50F703001B8BF8 /* NSString+Hash.m in Sources */ = {isa = PBXBuildFile; fileRef = AA0CBB441D50F703001B8BF8 /* NSString+Hash.m */; };
		AA0CBB551D50F703001B8BF8 /* NSString+Path.m in Sources */ = {isa = PBXBuildFile; fileRef = AA0CBB461D50F703001B8BF8 /* NSString+Path.m */; };
		AA0CBB561D50F703001B8BF8 /* UIButton+Common.m in Sources */ = {isa = PBXBuildFile; fileRef = AA0CBB481D50F703001B8BF8 /* UIButton+Common.m */; };
		AA0CBB571D50F703001B8BF8 /* UIColor+Common.m in Sources */ = {isa = PBXBuildFile; fileRef = AA0CBB4A1D50F703001B8BF8 /* UIColor+Common.m */; };
		AA0CBB581D50F703001B8BF8 /* UILabel+Common.m in Sources */ = {isa = PBXBuildFile; fileRef = AA0CBB4C1D50F703001B8BF8 /* UILabel+Common.m */; };
		AA0CBB591D50F703001B8BF8 /* UIView+Common.m in Sources */ = {isa = PBXBuildFile; fileRef = AA0CBB4E1D50F703001B8BF8 /* UIView+Common.m */; };
		AA0CBB5D1D50F9B0001B8BF8 /* NSAttributedString+Common.m in Sources */ = {isa = PBXBuildFile; fileRef = AA0CBB5C1D50F9B0001B8BF8 /* NSAttributedString+Common.m */; };
		AA0CBB611D50FE1B001B8BF8 /* Bundle+Extension.swift in Sources */ = {isa = PBXBuildFile; fileRef = AA0CBB601D50FE1B001B8BF8 /* Bundle+Extension.swift */; };
/* End PBXBuildFile section */

/* Begin PBXFileReference section */
		AA0CBAE51D50D7F3001B8BF8 /* YHBlog.app */ = {isa = PBXFileReference; explicitFileType = wrapper.application; includeInIndex = 0; path = YHBlog.app; sourceTree = BUILT_PRODUCTS_DIR; };
		AA0CBAE81D50D7F3001B8BF8 /* AppDelegate.swift */ = {isa = PBXFileReference; lastKnownFileType = sourcecode.swift; path = AppDelegate.swift; sourceTree = "<group>"; };
		AA0CBAEF1D50D7F3001B8BF8 /* Assets.xcassets */ = {isa = PBXFileReference; lastKnownFileType = folder.assetcatalog; path = Assets.xcassets; sourceTree = "<group>"; };
		AA0CBAF21D50D7F3001B8BF8 /* Base */ = {isa = PBXFileReference; lastKnownFileType = file.storyboard; name = Base; path = Base.lproj/LaunchScreen.storyboard; sourceTree = "<group>"; };
		AA0CBAF41D50D7F3001B8BF8 /* Info.plist */ = {isa = PBXFileReference; lastKnownFileType = text.plist.xml; path = Info.plist; sourceTree = "<group>"; };
		AA0CBB041D50DD52001B8BF8 /* YHTabBarController.swift */ = {isa = PBXFileReference; fileEncoding = 4; lastKnownFileType = sourcecode.swift; path = YHTabBarController.swift; sourceTree = "<group>"; };
		AA0CBB061D50DD6A001B8BF8 /* YHNavController.swift */ = {isa = PBXFileReference; fileEncoding = 4; lastKnownFileType = sourcecode.swift; path = YHNavController.swift; sourceTree = "<group>"; };
		AA0CBB081D50DDA0001B8BF8 /* YHBaseController.swift */ = {isa = PBXFileReference; fileEncoding = 4; lastKnownFileType = sourcecode.swift; path = YHBaseController.swift; sourceTree = "<group>"; };
		AA0CBB0A1D50DDD4001B8BF8 /* YHHomeViewController.swift */ = {isa = PBXFileReference; fileEncoding = 4; lastKnownFileType = sourcecode.swift; path = YHHomeViewController.swift; sourceTree = "<group>"; };
		AA0CBB0C1D50DF37001B8BF8 /* YHMessageViewController.swift */ = {isa = PBXFileReference; fileEncoding = 4; lastKnownFileType = sourcecode.swift; path = YHMessageViewController.swift; sourceTree = "<group>"; };
		AA0CBB0E1D50DF43001B8BF8 /* YHDiscoverViewController.swift */ = {isa = PBXFileReference; fileEncoding = 4; lastKnownFileType = sourcecode.swift; path = YHDiscoverViewController.swift; sourceTree = "<group>"; };
		AA0CBB101D50DF4C001B8BF8 /* YHProfileViewController.swift */ = {isa = PBXFileReference; fileEncoding = 4; lastKnownFileType = sourcecode.swift; path = YHProfileViewController.swift; sourceTree = "<group>"; };
		AA0CBB3B1D50F703001B8BF8 /* NSArray+log.h */ = {isa = PBXFileReference; fileEncoding = 4; lastKnownFileType = sourcecode.c.h; path = "NSArray+log.h"; sourceTree = "<group>"; };
		AA0CBB3C1D50F703001B8BF8 /* NSArray+log.m */ = {isa = PBXFileReference; fileEncoding = 4; lastKnownFileType = sourcecode.c.objc; path = "NSArray+log.m"; sourceTree = "<group>"; };
		AA0CBB3F1D50F703001B8BF8 /* NSObject+Runtime.h */ = {isa = PBXFileReference; fileEncoding = 4; lastKnownFileType = sourcecode.c.h; path = "NSObject+Runtime.h"; sourceTree = "<group>"; };
		AA0CBB401D50F703001B8BF8 /* NSObject+Runtime.m */ = {isa = PBXFileReference; fileEncoding = 4; lastKnownFileType = sourcecode.c.objc; path = "NSObject+Runtime.m"; sourceTree = "<group>"; };
		AA0CBB411D50F703001B8BF8 /* NSString+Base64.h */ = {isa = PBXFileReference; fileEncoding = 4; lastKnownFileType = sourcecode.c.h; path = "NSString+Base64.h"; sourceTree = "<group>"; };
		AA0CBB421D50F703001B8BF8 /* NSString+Base64.m */ = {isa = PBXFileReference; fileEncoding = 4; lastKnownFileType = sourcecode.c.objc; path = "NSString+Base64.m"; sourceTree = "<group>"; };
		AA0CBB431D50F703001B8BF8 /* NSString+Hash.h */ = {isa = PBXFileReference; fileEncoding = 4; lastKnownFileType = sourcecode.c.h; path = "NSString+Hash.h"; sourceTree = "<group>"; };
		AA0CBB441D50F703001B8BF8 /* NSString+Hash.m */ = {isa = PBXFileReference; fileEncoding = 4; lastKnownFileType = sourcecode.c.objc; path = "NSString+Hash.m"; sourceTree = "<group>"; };
		AA0CBB451D50F703001B8BF8 /* NSString+Path.h */ = {isa = PBXFileReference; fileEncoding = 4; lastKnownFileType = sourcecode.c.h; path = "NSString+Path.h"; sourceTree = "<group>"; };
		AA0CBB461D50F703001B8BF8 /* NSString+Path.m */ = {isa = PBXFileReference; fileEncoding = 4; lastKnownFileType = sourcecode.c.objc; path = "NSString+Path.m"; sourceTree = "<group>"; };
		AA0CBB471D50F703001B8BF8 /* UIButton+Common.h */ = {isa = PBXFileReference; fileEncoding = 4; lastKnownFileType = sourcecode.c.h; path = "UIButton+Common.h"; sourceTree = "<group>"; };
		AA0CBB481D50F703001B8BF8 /* UIButton+Common.m */ = {isa = PBXFileReference; fileEncoding = 4; lastKnownFileType = sourcecode.c.objc; path = "UIButton+Common.m"; sourceTree = "<group>"; };
		AA0CBB491D50F703001B8BF8 /* UIColor+Common.h */ = {isa = PBXFileReference; fileEncoding = 4; lastKnownFileType = sourcecode.c.h; path = "UIColor+Common.h"; sourceTree = "<group>"; };
		AA0CBB4A1D50F703001B8BF8 /* UIColor+Common.m */ = {isa = PBXFileReference; fileEncoding = 4; lastKnownFileType = sourcecode.c.objc; path = "UIColor+Common.m"; sourceTree = "<group>"; };
		AA0CBB4B1D50F703001B8BF8 /* UILabel+Common.h */ = {isa = PBXFileReference; fileEncoding = 4; lastKnownFileType = sourcecode.c.h; path = "UILabel+Common.h"; sourceTree = "<group>"; };
		AA0CBB4C1D50F703001B8BF8 /* UILabel+Common.m */ = {isa = PBXFileReference; fileEncoding = 4; lastKnownFileType = sourcecode.c.objc; path = "UILabel+Common.m"; sourceTree = "<group>"; };
		AA0CBB4D1D50F703001B8BF8 /* UIView+Common.h */ = {isa = PBXFileReference; fileEncoding = 4; lastKnownFileType = sourcecode.c.h; path = "UIView+Common.h"; sourceTree = "<group>"; };
		AA0CBB4E1D50F703001B8BF8 /* UIView+Common.m */ = {isa = PBXFileReference; fileEncoding = 4; lastKnownFileType = sourcecode.c.objc; path = "UIView+Common.m"; sourceTree = "<group>"; };
		AA0CBB4F1D50F703001B8BF8 /* YHCommon.h */ = {isa = PBXFileReference; fileEncoding = 4; lastKnownFileType = sourcecode.c.h; path = YHCommon.h; sourceTree = "<group>"; };
		AA0CBB5A1D50F74B001B8BF8 /* YHBlog-Bridging-Header.h */ = {isa = PBXFileReference; lastKnownFileType = sourcecode.c.h; path = "YHBlog-Bridging-Header.h"; sourceTree = "<group>"; };
		AA0CBB5B1D50F9B0001B8BF8 /* NSAttributedString+Common.h */ = {isa = PBXFileReference; fileEncoding = 4; lastKnownFileType = sourcecode.c.h; path = "NSAttributedString+Common.h"; sourceTree = "<group>"; };
		AA0CBB5C1D50F9B0001B8BF8 /* NSAttributedString+Common.m */ = {isa = PBXFileReference; fileEncoding = 4; lastKnownFileType = sourcecode.c.objc; path = "NSAttributedString+Common.m"; sourceTree = "<group>"; };
		AA0CBB601D50FE1B001B8BF8 /* Bundle+Extension.swift */ = {isa = PBXFileReference; fileEncoding = 4; lastKnownFileType = sourcecode.swift; path = "Bundle+Extension.swift"; sourceTree = "<group>"; };
/* End PBXFileReference section */

/* Begin PBXFrameworksBuildPhase section */
		AA0CBAE21D50D7F3001B8BF8 /* Frameworks */ = {
			isa = PBXFrameworksBuildPhase;
			buildActionMask = 2147483647;
			files = (
			);
			runOnlyForDeploymentPostprocessing = 0;
		};
/* End PBXFrameworksBuildPhase section */

/* Begin PBXGroup section */
		AA0CBADC1D50D7F3001B8BF8 = {
			isa = PBXGroup;
			children = (
				AA0CBAE71D50D7F3001B8BF8 /* YHBlog */,
				AA0CBAE61D50D7F3001B8BF8 /* Products */,
			);
			sourceTree = "<group>";
		};
		AA0CBAE61D50D7F3001B8BF8 /* Products */ = {
			isa = PBXGroup;
			children = (
				AA0CBAE51D50D7F3001B8BF8 /* YHBlog.app */,
			);
			name = Products;
			sourceTree = "<group>";
		};
		AA0CBAE71D50D7F3001B8BF8 /* YHBlog */ = {
			isa = PBXGroup;
			children = (
				AA0CBAFA1D50DC9E001B8BF8 /* Classes */,
				AA0CBAE81D50D7F3001B8BF8 /* AppDelegate.swift */,
				AA0CBB5A1D50F74B001B8BF8 /* YHBlog-Bridging-Header.h */,
				AA0CBAEF1D50D7F3001B8BF8 /* Assets.xcassets */,
				AA0CBAF11D50D7F3001B8BF8 /* LaunchScreen.storyboard */,
				AA0CBAF41D50D7F3001B8BF8 /* Info.plist */,
			);
			path = YHBlog;
			sourceTree = "<group>";
		};
		AA0CBAFA1D50DC9E001B8BF8 /* Classes */ = {
			isa = PBXGroup;
			children = (
				AA0CBAFB1D50DC9E001B8BF8 /* Model */,
				AA0CBAFD1D50DC9E001B8BF8 /* View */,
				AA0CBB021D50DC9E001B8BF8 /* ViewModel */,
				AA0CBAFC1D50DC9E001B8BF8 /* Tools */,
			);
			path = Classes;
			sourceTree = "<group>";
		};
		AA0CBAFB1D50DC9E001B8BF8 /* Model */ = {
			isa = PBXGroup;
			children = (
			);
			path = Model;
			sourceTree = "<group>";
		};
		AA0CBAFC1D50DC9E001B8BF8 /* Tools */ = {
			isa = PBXGroup;
			children = (
				AA0CBB3A1D50F703001B8BF8 /* YHCommon */,
				AA0CBB601D50FE1B001B8BF8 /* Bundle+Extension.swift */,
			);
			path = Tools;
			sourceTree = "<group>";
		};
		AA0CBAFD1D50DC9E001B8BF8 /* View */ = {
			isa = PBXGroup;
			children = (
				AA0CBB001D50DC9E001B8BF8 /* Main */,
				AA0CBAFF1D50DC9E001B8BF8 /* Home */,
				AA0CBB011D50DC9E001B8BF8 /* Message */,
				AA0CBAFE1D50DC9E001B8BF8 /* Discover */,
				AA0CBB031D50DCDF001B8BF8 /* Profile */,
			);
			path = View;
			sourceTree = "<group>";
		};
		AA0CBAFE1D50DC9E001B8BF8 /* Discover */ = {
			isa = PBXGroup;
			children = (
				AA0CBB0E1D50DF43001B8BF8 /* YHDiscoverViewController.swift */,
			);
			path = Discover;
			sourceTree = "<group>";
		};
		AA0CBAFF1D50DC9E001B8BF8 /* Home */ = {
			isa = PBXGroup;
			children = (
				AA0CBB0A1D50DDD4001B8BF8 /* YHHomeViewController.swift */,
			);
			path = Home;
			sourceTree = "<group>";
		};
		AA0CBB001D50DC9E001B8BF8 /* Main */ = {
			isa = PBXGroup;
			children = (
				AA0CBB041D50DD52001B8BF8 /* YHTabBarController.swift */,
				AA0CBB061D50DD6A001B8BF8 /* YHNavController.swift */,
				AA0CBB081D50DDA0001B8BF8 /* YHBaseController.swift */,
			);
			path = Main;
			sourceTree = "<group>";
		};
		AA0CBB011D50DC9E001B8BF8 /* Message */ = {
			isa = PBXGroup;
			children = (
				AA0CBB0C1D50DF37001B8BF8 /* YHMessageViewController.swift */,
			);
			path = Message;
			sourceTree = "<group>";
		};
		AA0CBB021D50DC9E001B8BF8 /* ViewModel */ = {
			isa = PBXGroup;
			children = (
			);
			path = ViewModel;
			sourceTree = "<group>";
		};
		AA0CBB031D50DCDF001B8BF8 /* Profile */ = {
			isa = PBXGroup;
			children = (
				AA0CBB101D50DF4C001B8BF8 /* YHProfileViewController.swift */,
			);
			path = Profile;
			sourceTree = "<group>";
		};
		AA0CBB3A1D50F703001B8BF8 /* YHCommon */ = {
			isa = PBXGroup;
			children = (
				AA0CBB3B1D50F703001B8BF8 /* NSArray+log.h */,
				AA0CBB3C1D50F703001B8BF8 /* NSArray+log.m */,
				AA0CBB5B1D50F9B0001B8BF8 /* NSAttributedString+Common.h */,
				AA0CBB5C1D50F9B0001B8BF8 /* NSAttributedString+Common.m */,
				AA0CBB3F1D50F703001B8BF8 /* NSObject+Runtime.h */,
				AA0CBB401D50F703001B8BF8 /* NSObject+Runtime.m */,
				AA0CBB411D50F703001B8BF8 /* NSString+Base64.h */,
				AA0CBB421D50F703001B8BF8 /* NSString+Base64.m */,
				AA0CBB431D50F703001B8BF8 /* NSString+Hash.h */,
				AA0CBB441D50F703001B8BF8 /* NSString+Hash.m */,
				AA0CBB451D50F703001B8BF8 /* NSString+Path.h */,
				AA0CBB461D50F703001B8BF8 /* NSString+Path.m */,
				AA0CBB471D50F703001B8BF8 /* UIButton+Common.h */,
				AA0CBB481D50F703001B8BF8 /* UIButton+Common.m */,
				AA0CBB491D50F703001B8BF8 /* UIColor+Common.h */,
				AA0CBB4A1D50F703001B8BF8 /* UIColor+Common.m */,
				AA0CBB4B1D50F703001B8BF8 /* UILabel+Common.h */,
				AA0CBB4C1D50F703001B8BF8 /* UILabel+Common.m */,
				AA0CBB4D1D50F703001B8BF8 /* UIView+Common.h */,
				AA0CBB4E1D50F703001B8BF8 /* UIView+Common.m */,
				AA0CBB4F1D50F703001B8BF8 /* YHCommon.h */,
			);
			path = YHCommon;
			sourceTree = "<group>";
		};
/* End PBXGroup section */

/* Begin PBXNativeTarget section */
		AA0CBAE41D50D7F3001B8BF8 /* YHBlog */ = {
			isa = PBXNativeTarget;
			buildConfigurationList = AA0CBAF71D50D7F3001B8BF8 /* Build configuration list for PBXNativeTarget "YHBlog" */;
			buildPhases = (
				AA0CBAE11D50D7F3001B8BF8 /* Sources */,
				AA0CBAE21D50D7F3001B8BF8 /* Frameworks */,
				AA0CBAE31D50D7F3001B8BF8 /* Resources */,
			);
			buildRules = (
			);
			dependencies = (
			);
			name = YHBlog;
			productName = YHBlog;
			productReference = AA0CBAE51D50D7F3001B8BF8 /* YHBlog.app */;
			productType = "com.apple.product-type.application";
		};
/* End PBXNativeTarget section */

/* Begin PBXProject section */
		AA0CBADD1D50D7F3001B8BF8 /* Project object */ = {
			isa = PBXProject;
			attributes = {
				CLASSPREFIX = YH;
				LastSwiftUpdateCheck = 0800;
				LastUpgradeCheck = 0800;
				ORGANIZATIONNAME = "郭月辉";
				TargetAttributes = {
					AA0CBAE41D50D7F3001B8BF8 = {
						CreatedOnToolsVersion = 8.0;
						DevelopmentTeam = 4L85SBL3VW;
						DevelopmentTeamName = "郭 月辉 (Personal Team)";
						ProvisioningStyle = Automatic;
					};
				};
			};
			buildConfigurationList = AA0CBAE01D50D7F3001B8BF8 /* Build configuration list for PBXProject "YHBlog" */;
			compatibilityVersion = "Xcode 3.2";
			developmentRegion = English;
			hasScannedForEncodings = 0;
			knownRegions = (
				en,
				Base,
			);
			mainGroup = AA0CBADC1D50D7F3001B8BF8;
			productRefGroup = AA0CBAE61D50D7F3001B8BF8 /* Products */;
			projectDirPath = "";
			projectRoot = "";
			targets = (
				AA0CBAE41D50D7F3001B8BF8 /* YHBlog */,
			);
		};
/* End PBXProject section */

/* Begin PBXResourcesBuildPhase section */
		AA0CBAE31D50D7F3001B8BF8 /* Resources */ = {
			isa = PBXResourcesBuildPhase;
			buildActionMask = 2147483647;
			files = (
				AA0CBAF31D50D7F3001B8BF8 /* LaunchScreen.storyboard in Resources */,
				AA0CBAF01D50D7F3001B8BF8 /* Assets.xcassets in Resources */,
			);
			runOnlyForDeploymentPostprocessing = 0;
		};
/* End PBXResourcesBuildPhase section */

/* Begin PBXSourcesBuildPhase section */
		AA0CBAE11D50D7F3001B8BF8 /* Sources */ = {
			isa = PBXSourcesBuildPhase;
			buildActionMask = 2147483647;
			files = (
				AA0CBB531D50F703001B8BF8 /* NSString+Base64.m in Sources */,
				AA0CBB591D50F703001B8BF8 /* UIView+Common.m in Sources */,
				AA0CBB0F1D50DF43001B8BF8 /* YHDiscoverViewController.swift in Sources */,
				AA0CBB111D50DF4C001B8BF8 /* YHProfileViewController.swift in Sources */,
				AA0CBB051D50DD52001B8BF8 /* YHTabBarController.swift in Sources */,
				AA0CBB551D50F703001B8BF8 /* NSString+Path.m in Sources */,
				AA0CBB521D50F703001B8BF8 /* NSObject+Runtime.m in Sources */,
				AA0CBB091D50DDA0001B8BF8 /* YHBaseController.swift in Sources */,
				AA0CBAE91D50D7F3001B8BF8 /* AppDelegate.swift in Sources */,
				AA0CBB541D50F703001B8BF8 /* NSString+Hash.m in Sources */,
				AA0CBB5D1D50F9B0001B8BF8 /* NSAttributedString+Common.m in Sources */,
				AA0CBB071D50DD6A001B8BF8 /* YHNavController.swift in Sources */,
				AA0CBB501D50F703001B8BF8 /* NSArray+log.m in Sources */,
				AA0CBB571D50F703001B8BF8 /* UIColor+Common.m in Sources */,
				AA0CBB0B1D50DDD4001B8BF8 /* YHHomeViewController.swift in Sources */,
				AA0CBB581D50F703001B8BF8 /* UILabel+Common.m in Sources */,
				AA0CBB0D1D50DF37001B8BF8 /* YHMessageViewController.swift in Sources */,
				AA0CBB561D50F703001B8BF8 /* UIButton+Common.m in Sources */,
				AA0CBB611D50FE1B001B8BF8 /* Bundle+Extension.swift in Sources */,
			);
			runOnlyForDeploymentPostprocessing = 0;
		};
/* End PBXSourcesBuildPhase section */

/* Begin PBXVariantGroup section */
		AA0CBAF11D50D7F3001B8BF8 /* LaunchScreen.storyboard */ = {
			isa = PBXVariantGroup;
			children = (
				AA0CBAF21D50D7F3001B8BF8 /* Base */,
			);
			name = LaunchScreen.storyboard;
			sourceTree = "<group>";
		};
/* End PBXVariantGroup section */

/* Begin XCBuildConfiguration section */
		AA0CBAF51D50D7F3001B8BF8 /* Debug */ = {
			isa = XCBuildConfiguration;
			buildSettings = {
				ALWAYS_SEARCH_USER_PATHS = NO;
				CLANG_ANALYZER_NONNULL = YES;
				CLANG_CXX_LANGUAGE_STANDARD = "gnu++0x";
				CLANG_CXX_LIBRARY = "libc++";
				CLANG_ENABLE_MODULES = YES;
				CLANG_ENABLE_OBJC_ARC = YES;
				CLANG_WARN_BOOL_CONVERSION = YES;
				CLANG_WARN_CONSTANT_CONVERSION = YES;
				CLANG_WARN_DIRECT_OBJC_ISA_USAGE = YES_ERROR;
				CLANG_WARN_DOCUMENTATION_COMMENTS = YES;
				CLANG_WARN_EMPTY_BODY = YES;
				CLANG_WARN_ENUM_CONVERSION = YES;
				CLANG_WARN_INT_CONVERSION = YES;
				CLANG_WARN_OBJC_ROOT_CLASS = YES_ERROR;
				CLANG_WARN_UNREACHABLE_CODE = YES;
				CLANG_WARN__DUPLICATE_METHOD_MATCH = YES;
				"CODE_SIGN_IDENTITY[sdk=iphoneos*]" = "iPhone Developer";
				COPY_PHASE_STRIP = NO;
				DEBUG_INFORMATION_FORMAT = dwarf;
				ENABLE_STRICT_OBJC_MSGSEND = YES;
				ENABLE_TESTABILITY = YES;
				GCC_C_LANGUAGE_STANDARD = gnu99;
				GCC_DYNAMIC_NO_PIC = NO;
				GCC_NO_COMMON_BLOCKS = YES;
				GCC_OPTIMIZATION_LEVEL = 0;
				GCC_PREPROCESSOR_DEFINITIONS = (
					"DEBUG=1",
					"$(inherited)",
				);
				GCC_WARN_64_TO_32_BIT_CONVERSION = YES;
				GCC_WARN_ABOUT_RETURN_TYPE = YES_ERROR;
				GCC_WARN_UNDECLARED_SELECTOR = YES;
				GCC_WARN_UNINITIALIZED_AUTOS = YES_AGGRESSIVE;
				GCC_WARN_UNUSED_FUNCTION = YES;
				GCC_WARN_UNUSED_VARIABLE = YES;
				IPHONEOS_DEPLOYMENT_TARGET = 10.0;
				MTL_ENABLE_DEBUG_INFO = YES;
				ONLY_ACTIVE_ARCH = YES;
				SDKROOT = iphoneos;
				SWIFT_ACTIVE_COMPILATION_CONDITIONS = DEBUG;
				SWIFT_OPTIMIZATION_LEVEL = "-Onone";
			};
			name = Debug;
		};
		AA0CBAF61D50D7F3001B8BF8 /* Release */ = {
			isa = XCBuildConfiguration;
			buildSettings = {
				ALWAYS_SEARCH_USER_PATHS = NO;
				CLANG_ANALYZER_NONNULL = YES;
				CLANG_CXX_LANGUAGE_STANDARD = "gnu++0x";
				CLANG_CXX_LIBRARY = "libc++";
				CLANG_ENABLE_MODULES = YES;
				CLANG_ENABLE_OBJC_ARC = YES;
				CLANG_WARN_BOOL_CONVERSION = YES;
				CLANG_WARN_CONSTANT_CONVERSION = YES;
				CLANG_WARN_DIRECT_OBJC_ISA_USAGE = YES_ERROR;
				CLANG_WARN_DOCUMENTATION_COMMENTS = YES;
				CLANG_WARN_EMPTY_BODY = YES;
				CLANG_WARN_ENUM_CONVERSION = YES;
				CLANG_WARN_INT_CONVERSION = YES;
				CLANG_WARN_OBJC_ROOT_CLASS = YES_ERROR;
				CLANG_WARN_UNREACHABLE_CODE = YES;
				CLANG_WARN__DUPLICATE_METHOD_MATCH = YES;
				"CODE_SIGN_IDENTITY[sdk=iphoneos*]" = "iPhone Developer";
				COPY_PHASE_STRIP = NO;
				DEBUG_INFORMATION_FORMAT = "dwarf-with-dsym";
				ENABLE_NS_ASSERTIONS = NO;
				ENABLE_STRICT_OBJC_MSGSEND = YES;
				GCC_C_LANGUAGE_STANDARD = gnu99;
				GCC_NO_COMMON_BLOCKS = YES;
				GCC_WARN_64_TO_32_BIT_CONVERSION = YES;
				GCC_WARN_ABOUT_RETURN_TYPE = YES_ERROR;
				GCC_WARN_UNDECLARED_SELECTOR = YES;
				GCC_WARN_UNINITIALIZED_AUTOS = YES_AGGRESSIVE;
				GCC_WARN_UNUSED_FUNCTION = YES;
				GCC_WARN_UNUSED_VARIABLE = YES;
				IPHONEOS_DEPLOYMENT_TARGET = 10.0;
				MTL_ENABLE_DEBUG_INFO = NO;
				SDKROOT = iphoneos;
				SWIFT_OPTIMIZATION_LEVEL = "-Owholemodule";
				VALIDATE_PRODUCT = YES;
			};
			name = Release;
		};
		AA0CBAF81D50D7F3001B8BF8 /* Debug */ = {
			isa = XCBuildConfiguration;
			buildSettings = {
				ASSETCATALOG_COMPILER_APPICON_NAME = AppIcon;
				ASSETCATALOG_COMPILER_LAUNCHIMAGE_NAME = LaunchImage;
				INFOPLIST_FILE = YHBlog/Info.plist;
				IPHONEOS_DEPLOYMENT_TARGET = 8.0;
				LD_RUNPATH_SEARCH_PATHS = "$(inherited) @executable_path/Frameworks";
				PRODUCT_BUNDLE_IDENTIFIER = Theshy.YHBlog;
				PRODUCT_NAME = "$(TARGET_NAME)";
				SWIFT_OBJC_BRIDGING_HEADER = "/Users/Theshy/Desktop/YHBlog/YHBlog/YHBlog/YHBlog-Bridging-Header.h";
				SWIFT_VERSION = 3.0;
				TARGETED_DEVICE_FAMILY = 1;
			};
			name = Debug;
		};
		AA0CBAF91D50D7F3001B8BF8 /* Release */ = {
			isa = XCBuildConfiguration;
			buildSettings = {
				ASSETCATALOG_COMPILER_APPICON_NAME = AppIcon;
				ASSETCATALOG_COMPILER_LAUNCHIMAGE_NAME = LaunchImage;
				INFOPLIST_FILE = YHBlog/Info.plist;
				IPHONEOS_DEPLOYMENT_TARGET = 8.0;
				LD_RUNPATH_SEARCH_PATHS = "$(inherited) @executable_path/Frameworks";
				PRODUCT_BUNDLE_IDENTIFIER = Theshy.YHBlog;
				PRODUCT_NAME = "$(TARGET_NAME)";
				SWIFT_OBJC_BRIDGING_HEADER = "/Users/Theshy/Desktop/YHBlog/YHBlog/YHBlog/YHBlog-Bridging-Header.h";
				SWIFT_VERSION = 3.0;
				TARGETED_DEVICE_FAMILY = 1;
			};
			name = Release;
		};
/* End XCBuildConfiguration section */

/* Begin XCConfigurationList section */
		AA0CBAE01D50D7F3001B8BF8 /* Build configuration list for PBXProject "YHBlog" */ = {
			isa = XCConfigurationList;
			buildConfigurations = (
				AA0CBAF51D50D7F3001B8BF8 /* Debug */,
				AA0CBAF61D50D7F3001B8BF8 /* Release */,
			);
			defaultConfigurationIsVisible = 0;
			defaultConfigurationName = Release;
		};
		AA0CBAF71D50D7F3001B8BF8 /* Build configuration list for PBXNativeTarget "YHBlog" */ = {
			isa = XCConfigurationList;
			buildConfigurations = (
				AA0CBAF81D50D7F3001B8BF8 /* Debug */,
				AA0CBAF91D50D7F3001B8BF8 /* Release */,
			);
			defaultConfigurationIsVisible = 0;
			defaultConfigurationName = Release;
		};
/* End XCConfigurationList section */
	};
	rootObject = AA0CBADD1D50D7F3001B8BF8 /* Project object */;
}
